
Microsoft Visual Studio Solution File, Format Version 12.00
# Visual Studio 15
VisualStudioVersion = 15.0.27130.2027
MinimumVisualStudioVersion = 10.0.40219.1
Project("{8BC9CEB8-8B4A-11D0-8D11-00A0C91BC942}") = "FirstOne", "FirstOne\FirstOne.vcxproj", "{DF6F03DC-5101-4B14-81F2-0C48AE7EB7C3}"
EndProject
Global
	GlobalSection(SolutionConfigurationPlatforms) = preSolution
		Debug|x64 = Debug|x64
		Debug|x86 = Debug|x86
		Release|x64 = Release|x64
		Release|x86 = Release|x86
	EndGlobalSection
	GlobalSection(ProjectConfigurationPlatforms) = postSolution
		{DF6F03DC-5101-4B14-81F2-0C48AE7EB7C3}.Debug|x64.ActiveCfg = Debug|x64
		{DF6F03DC-5101-4B14-81F2-0C48AE7EB7C3}.Debug|x64.Build.0 = Debug|x64
		{DF6F03DC-5101-4B14-81F2-0C48AE7EB7C3}.Debug|x86.ActiveCfg = Debug|Win32
		{DF6F03DC-5101-4B14-81F2-0C48AE7EB7C3}.Debug|x86.Build.0 = Debug|Win32
		{DF6F03DC-5101-4B14-81F2-0C48AE7EB7C3}.Release|x64.ActiveCfg = Release|x64
		{DF6F03DC-5101-4B14-81F2-0C48AE7EB7C3}.Release|x64.Build.0 = Release|x64
		{DF6F03DC-5101-4B14-81F2-0C48AE7EB7C3}.Release|x86.ActiveCfg = Release|Win32
		{DF6F03DC-5101-4B14-81F2-0C48AE7EB7C3}.Release|x86.Build.0 = Release|Win32
	EndGlobalSection
	GlobalSection(SolutionProperties) = preSolution
		HideSolutionNode = FALSE
	EndGlobalSection
	GlobalSection(ExtensibilityGlobals) = postSolution
		SolutionGuid = {9EDF32B2-9A42-487D-B944-17B8E10750B9}
	EndGlobalSection
EndGlobal
